
Microsoft Visual Studio Solution File, Format Version 11.00
# Visual Studio 2010
Project("{FAE04EC0-301F-11D3-BF4B-00C04F79EFBC}") = "Assembly-CSharp", "Assembly-CSharp.csproj", "{951518E3-69EA-14FB-F888-D5456A172103}"
EndProject
Project("{FAE04EC0-301F-11D3-BF4B-00C04F79EFBC}") = "Assembly-CSharp-firstpass", "Assembly-CSharp-firstpass.csproj", "{BC42AA07-0724-C2A4-DFAA-FD62A6E93976}"
EndProject
Project("{FAE04EC0-301F-11D3-BF4B-00C04F79EFBC}") = "Assembly-CSharp-Editor", "Assembly-CSharp-Editor.csproj", "{F22B2A04-8E80-C521-5D5C-4138F14FB983}"
EndProject
Project("{FAE04EC0-301F-11D3-BF4B-00C04F79EFBC}") = "GoogleMobileAds.Editor", "GoogleMobileAds.Editor.csproj", "{C0A65BCD-3A53-6240-A445-E97CB734DFE0}"
EndProject
Global
	GlobalSection(SolutionConfigurationPlatforms) = preSolution
		Debug|Any CPU = Debug|Any CPU
		Release|Any CPU = Release|Any CPU
	EndGlobalSection
	GlobalSection(ProjectConfigurationPlatforms) = postSolution
		{951518E3-69EA-14FB-F888-D5456A172103}.Debug|Any CPU.ActiveCfg = Debug|Any CPU
		{951518E3-69EA-14FB-F888-D5456A172103}.Debug|Any CPU.Build.0 = Debug|Any CPU
		{951518E3-69EA-14FB-F888-D5456A172103}.Release|Any CPU.ActiveCfg = Release|Any CPU
		{951518E3-69EA-14FB-F888-D5456A172103}.Release|Any CPU.Build.0 = Release|Any CPU
		{BC42AA07-0724-C2A4-DFAA-FD62A6E93976}.Debug|Any CPU.ActiveCfg = Debug|Any CPU
		{BC42AA07-0724-C2A4-DFAA-FD62A6E93976}.Debug|Any CPU.Build.0 = Debug|Any CPU
		{BC42AA07-0724-C2A4-DFAA-FD62A6E93976}.Release|Any CPU.ActiveCfg = Release|Any CPU
		{BC42AA07-0724-C2A4-DFAA-FD62A6E93976}.Release|Any CPU.Build.0 = Release|Any CPU
		{F22B2A04-8E80-C521-5D5C-4138F14FB983}.Debug|Any CPU.ActiveCfg = Debug|Any CPU
		{F22B2A04-8E80-C521-5D5C-4138F14FB983}.Debug|Any CPU.Build.0 = Debug|Any CPU
		{F22B2A04-8E80-C521-5D5C-4138F14FB983}.Release|Any CPU.ActiveCfg = Release|Any CPU
		{F22B2A04-8E80-C521-5D5C-4138F14FB983}.Release|Any CPU.Build.0 = Release|Any CPU
		{C0A65BCD-3A53-6240-A445-E97CB734DFE0}.Debug|Any CPU.ActiveCfg = Debug|Any CPU
		{C0A65BCD-3A53-6240-A445-E97CB734DFE0}.Debug|Any CPU.Build.0 = Debug|Any CPU
		{C0A65BCD-3A53-6240-A445-E97CB734DFE0}.Release|Any CPU.ActiveCfg = Release|Any CPU
		{C0A65BCD-3A53-6240-A445-E97CB734DFE0}.Release|Any CPU.Build.0 = Release|Any CPU
	EndGlobalSection
	GlobalSection(SolutionProperties) = preSolution
		HideSolutionNode = FALSE
	EndGlobalSection
EndGlobal
